
Microsoft Visual Studio Solution File, Format Version 12.00
# Visual Studio Version 17
VisualStudioVersion = 17.0.31903.59
MinimumVisualStudioVersion = 10.0.40219.1
Project("{FAE04EC0-301F-11D3-BF4B-00C04F79EFBC}") = "WebApp", "WebApp\WebApp.csproj", "{BF2BEF38-100A-47DC-A1EB-9A05B8282379}"
EndProject
Project("{FAE04EC0-301F-11D3-BF4B-00C04F79EFBC}") = "Backend", "Backend\Backend.csproj", "{63604337-64EA-4968-8CF5-B5B94DC717D0}"
EndProject
Project("{FAE04EC0-301F-11D3-BF4B-00C04F79EFBC}") = "CoreLayer.Shared.Auth", "CoreLayer.Shared\CoreLayer.Shared.Auth\CoreLayer.Shared.Auth.csproj", "{C24E4645-13BA-43A3-A99D-5F865DA339AB}"
EndProject
Global
	GlobalSection(SolutionConfigurationPlatforms) = preSolution
		Debug|Any CPU = Debug|Any CPU
		Release|Any CPU = Release|Any CPU
	EndGlobalSection
	GlobalSection(ProjectConfigurationPlatforms) = postSolution
		{BF2BEF38-100A-47DC-A1EB-9A05B8282379}.Debug|Any CPU.ActiveCfg = Debug|Any CPU
		{BF2BEF38-100A-47DC-A1EB-9A05B8282379}.Debug|Any CPU.Build.0 = Debug|Any CPU
		{BF2BEF38-100A-47DC-A1EB-9A05B8282379}.Release|Any CPU.ActiveCfg = Release|Any CPU
		{BF2BEF38-100A-47DC-A1EB-9A05B8282379}.Release|Any CPU.Build.0 = Release|Any CPU
		{63604337-64EA-4968-8CF5-B5B94DC717D0}.Debug|Any CPU.ActiveCfg = Debug|Any CPU
		{63604337-64EA-4968-8CF5-B5B94DC717D0}.Debug|Any CPU.Build.0 = Debug|Any CPU
		{63604337-64EA-4968-8CF5-B5B94DC717D0}.Release|Any CPU.ActiveCfg = Release|Any CPU
		{63604337-64EA-4968-8CF5-B5B94DC717D0}.Release|Any CPU.Build.0 = Release|Any CPU
		{C24E4645-13BA-43A3-A99D-5F865DA339AB}.Debug|Any CPU.ActiveCfg = Debug|Any CPU
		{C24E4645-13BA-43A3-A99D-5F865DA339AB}.Debug|Any CPU.Build.0 = Debug|Any CPU
		{C24E4645-13BA-43A3-A99D-5F865DA339AB}.Release|Any CPU.ActiveCfg = Release|Any CPU
		{C24E4645-13BA-43A3-A99D-5F865DA339AB}.Release|Any CPU.Build.0 = Release|Any CPU
	EndGlobalSection
	GlobalSection(SolutionProperties) = preSolution
		HideSolutionNode = FALSE
	EndGlobalSection
	GlobalSection(ExtensibilityGlobals) = postSolution
		SolutionGuid = {310A9A29-E105-4712-A699-7EF1951AF86D}
	EndGlobalSection
EndGlobal
